
Microsoft Visual Studio Solution File, Format Version 12.00
# Visual Studio 15
VisualStudioVersion = 15.0.28307.136
MinimumVisualStudioVersion = 10.0.40219.1
Project("{FAE04EC0-301F-11D3-BF4B-00C04F79EFBC}") = "quaysotrungthuong", "quaysotrungthuong\quaysotrungthuong.csproj", "{92BF3D22-18D3-4136-AF03-6B666BBB5B0E}"
EndProject
Global
	GlobalSection(SolutionConfigurationPlatforms) = preSolution
		Debug|Any CPU = Debug|Any CPU
		Release|Any CPU = Release|Any CPU
	EndGlobalSection
	GlobalSection(ProjectConfigurationPlatforms) = postSolution
		{92BF3D22-18D3-4136-AF03-6B666BBB5B0E}.Debug|Any CPU.ActiveCfg = Debug|Any CPU
		{92BF3D22-18D3-4136-AF03-6B666BBB5B0E}.Debug|Any CPU.Build.0 = Debug|Any CPU
		{92BF3D22-18D3-4136-AF03-6B666BBB5B0E}.Release|Any CPU.ActiveCfg = Release|Any CPU
		{92BF3D22-18D3-4136-AF03-6B666BBB5B0E}.Release|Any CPU.Build.0 = Release|Any CPU
	EndGlobalSection
	GlobalSection(SolutionProperties) = preSolution
		HideSolutionNode = FALSE
	EndGlobalSection
	GlobalSection(ExtensibilityGlobals) = postSolution
		SolutionGuid = {536A1F7C-4531-4C0F-B19F-9D765869352B}
	EndGlobalSection
EndGlobal
